
Microsoft Visual Studio Solution File, Format Version 12.00
Project("{FAE04EC0-301F-11D3-BF4B-00C04F79EFBC}") = "NewBie", "NewBie\NewBie.csproj", "{8553B176-B30D-4D17-9BB5-CAE6BB53917D}"
EndProject
Project("{FAE04EC0-301F-11D3-BF4B-00C04F79EFBC}") = "Lab1_01", "Lab1_01\Lab1_01.csproj", "{CE72C507-EE51-4BD8-AC16-87658153B71E}"
EndProject
Project("{FAE04EC0-301F-11D3-BF4B-00C04F79EFBC}") = "Lab1_02", "Lab1_02\Lab1_02.csproj", "{F5A2176F-CB93-438C-9CFB-E7898B9C07CE}"
EndProject
Project("{FAE04EC0-301F-11D3-BF4B-00C04F79EFBC}") = "Lab1_03", "Lab1_03\Lab1_03.csproj", "{C4A3CB29-C9FB-4949-8711-1682AB64742C}"
EndProject
Project("{FAE04EC0-301F-11D3-BF4B-00C04F79EFBC}") = "Lab1_04", "Lab1_04\Lab1_04.csproj", "{2A2AEA67-2926-4E0A-B9E7-61590193C904}"
EndProject
Project("{FAE04EC0-301F-11D3-BF4B-00C04F79EFBC}") = "Lab1_05", "Lab1_05\Lab1_05.csproj", "{AEA303EE-B0B9-4186-B55F-774501D8735D}"
EndProject
Project("{FAE04EC0-301F-11D3-BF4B-00C04F79EFBC}") = "Lab1_06", "Lab1_06\Lab1_06.csproj", "{5807C16D-09B5-4B3C-BF5D-E4AFB928E851}"
EndProject
Project("{FAE04EC0-301F-11D3-BF4B-00C04F79EFBC}") = "Lab1_07", "Lab1_07\Lab1_07.csproj", "{791D1A3F-3CE2-4D12-8955-B88E1E7B6626}"
EndProject
Project("{FAE04EC0-301F-11D3-BF4B-00C04F79EFBC}") = "Lab1_Ex1", "Lab1_Ex1\Lab1_Ex1.csproj", "{38C8CB39-277A-4646-B5FF-2A8298624698}"
EndProject
Project("{FAE04EC0-301F-11D3-BF4B-00C04F79EFBC}") = "Lab1_Ex2", "Lab1_Ex2\Lab1_Ex2.csproj", "{DCD4CD8A-55A4-486A-A269-32F0C8C9E4F9}"
EndProject
Project("{FAE04EC0-301F-11D3-BF4B-00C04F79EFBC}") = "Lab1_Ex3", "Lab1_Ex3\Lab1_Ex3.csproj", "{3842FFBB-D259-4C75-9A01-5C71CA0F7DBF}"
EndProject
Project("{FAE04EC0-301F-11D3-BF4B-00C04F79EFBC}") = "Lab1_Ex4", "Lab1_Ex4\Lab1_Ex4.csproj", "{0BADB4E1-5081-49B6-82A5-1EF34EF6C8ED}"
EndProject
Project("{FAE04EC0-301F-11D3-BF4B-00C04F79EFBC}") = "Lab1_Ex5", "Lab1_Ex5\Lab1_Ex5.csproj", "{F9A5B93B-3177-4FCC-8687-2D120231A99E}"
EndProject
Project("{FAE04EC0-301F-11D3-BF4B-00C04F79EFBC}") = "Lab2_01", "Lab2_01\Lab2_01.csproj", "{630F6F43-2639-436E-8EDA-2AEA0C3D7039}"
EndProject
Project("{FAE04EC0-301F-11D3-BF4B-00C04F79EFBC}") = "Lab2_02", "Lab2_02\Lab2_02.csproj", "{11C26C87-7665-4E0C-82AB-CC88669142F0}"
EndProject
Project("{FAE04EC0-301F-11D3-BF4B-00C04F79EFBC}") = "Lab2_03", "Lab2_03\Lab2_03.csproj", "{DBF43F5E-49F9-4909-B8C0-8402C0D9F3B9}"
EndProject
Project("{FAE04EC0-301F-11D3-BF4B-00C04F79EFBC}") = "Lab2_Ex1", "Lab2_Ex1\Lab2_Ex1.csproj", "{2780ADF9-1650-4E7A-9187-2062F4FF129D}"
EndProject
Project("{FAE04EC0-301F-11D3-BF4B-00C04F79EFBC}") = "Lab3_01", "Lab3_01\Lab3_01.csproj", "{0596CA72-C739-4F06-98E0-C0DBFDF87F97}"
EndProject
Project("{FAE04EC0-301F-11D3-BF4B-00C04F79EFBC}") = "Lab3_02", "Lab3_02\Lab3_02.csproj", "{1EB30CA2-12CD-499E-8825-0D6DC0F607BB}"
EndProject
Project("{FAE04EC0-301F-11D3-BF4B-00C04F79EFBC}") = "Lab3_Ex1", "Lab3_Ex1\Lab3_Ex1.csproj", "{96841A15-92D8-421D-A896-FF5A081C5B95}"
EndProject
Project("{FAE04EC0-301F-11D3-BF4B-00C04F79EFBC}") = "Lab3_Ex2", "Lab3_Ex2\Lab3_Ex2.csproj", "{BF183103-0FF9-4B6B-AD6A-BA8177602D88}"
EndProject
Project("{FAE04EC0-301F-11D3-BF4B-00C04F79EFBC}") = "Lab4_01", "Lab4_01\Lab4_01.csproj", "{4EF5D3E8-897D-419D-8426-391F08978C63}"
EndProject
Project("{FAE04EC0-301F-11D3-BF4B-00C04F79EFBC}") = "Lab4_02", "Lab4_02\Lab4_02.csproj", "{95C60EFE-B1CC-44BA-B541-1A454D6203FA}"
EndProject
Project("{FAE04EC0-301F-11D3-BF4B-00C04F79EFBC}") = "Lab4_Ex1", "Lab4_Ex1\Lab4_Ex1.csproj", "{0CA7B402-A3BC-4603-B5F5-D2F700D239B5}"
EndProject
Project("{FAE04EC0-301F-11D3-BF4B-00C04F79EFBC}") = "Lab5_01", "Lab5_01\Lab5_01.csproj", "{9FA9EE27-66BC-4B3B-B0E1-90DF6348803F}"
EndProject
Project("{FAE04EC0-301F-11D3-BF4B-00C04F79EFBC}") = "Lab5_02", "Lab5_02\Lab5_02.csproj", "{1F0C35EB-850D-4DA2-B853-05FE1549D77E}"
EndProject
Project("{FAE04EC0-301F-11D3-BF4B-00C04F79EFBC}") = "Lab5_03", "Lab5_03\Lab5_03.csproj", "{436E963D-12CB-4100-8AFD-F9C344827AD1}"
EndProject
Project("{FAE04EC0-301F-11D3-BF4B-00C04F79EFBC}") = "Lab5_04", "Lab5_04\Lab5_04.csproj", "{B78DB726-73D0-42BF-822D-67087F3CEB6B}"
EndProject
Project("{FAE04EC0-301F-11D3-BF4B-00C04F79EFBC}") = "Lab5_05", "Lab5_05\Lab5_05.csproj", "{BF8B13B0-F777-42EA-A1D5-2ED7E3B0FCDB}"
EndProject
Project("{FAE04EC0-301F-11D3-BF4B-00C04F79EFBC}") = "Lab5_Ex1", "Lab5_Ex1\Lab5_Ex1.csproj", "{21328B85-83D7-4EAA-A7EC-CACC4AEEECEC}"
EndProject
Project("{FAE04EC0-301F-11D3-BF4B-00C04F79EFBC}") = "Lab5_Ex2", "Lab5_Ex2\Lab5_Ex2.csproj", "{8A40934E-198A-467F-B06F-6A84A1A4F57C}"
EndProject
Global
	GlobalSection(SolutionConfigurationPlatforms) = preSolution
		Debug|Any CPU = Debug|Any CPU
		Release|Any CPU = Release|Any CPU
	EndGlobalSection
	GlobalSection(ProjectConfigurationPlatforms) = postSolution
		{8553B176-B30D-4D17-9BB5-CAE6BB53917D}.Debug|Any CPU.ActiveCfg = Debug|Any CPU
		{8553B176-B30D-4D17-9BB5-CAE6BB53917D}.Debug|Any CPU.Build.0 = Debug|Any CPU
		{8553B176-B30D-4D17-9BB5-CAE6BB53917D}.Release|Any CPU.ActiveCfg = Release|Any CPU
		{8553B176-B30D-4D17-9BB5-CAE6BB53917D}.Release|Any CPU.Build.0 = Release|Any CPU
		{CE72C507-EE51-4BD8-AC16-87658153B71E}.Debug|Any CPU.ActiveCfg = Debug|Any CPU
		{CE72C507-EE51-4BD8-AC16-87658153B71E}.Debug|Any CPU.Build.0 = Debug|Any CPU
		{CE72C507-EE51-4BD8-AC16-87658153B71E}.Release|Any CPU.ActiveCfg = Release|Any CPU
		{CE72C507-EE51-4BD8-AC16-87658153B71E}.Release|Any CPU.Build.0 = Release|Any CPU
		{F5A2176F-CB93-438C-9CFB-E7898B9C07CE}.Debug|Any CPU.ActiveCfg = Debug|Any CPU
		{F5A2176F-CB93-438C-9CFB-E7898B9C07CE}.Debug|Any CPU.Build.0 = Debug|Any CPU
		{F5A2176F-CB93-438C-9CFB-E7898B9C07CE}.Release|Any CPU.ActiveCfg = Release|Any CPU
		{F5A2176F-CB93-438C-9CFB-E7898B9C07CE}.Release|Any CPU.Build.0 = Release|Any CPU
		{C4A3CB29-C9FB-4949-8711-1682AB64742C}.Debug|Any CPU.ActiveCfg = Debug|Any CPU
		{C4A3CB29-C9FB-4949-8711-1682AB64742C}.Debug|Any CPU.Build.0 = Debug|Any CPU
		{C4A3CB29-C9FB-4949-8711-1682AB64742C}.Release|Any CPU.ActiveCfg = Release|Any CPU
		{C4A3CB29-C9FB-4949-8711-1682AB64742C}.Release|Any CPU.Build.0 = Release|Any CPU
		{2A2AEA67-2926-4E0A-B9E7-61590193C904}.Debug|Any CPU.ActiveCfg = Debug|Any CPU
		{2A2AEA67-2926-4E0A-B9E7-61590193C904}.Debug|Any CPU.Build.0 = Debug|Any CPU
		{2A2AEA67-2926-4E0A-B9E7-61590193C904}.Release|Any CPU.ActiveCfg = Release|Any CPU
		{2A2AEA67-2926-4E0A-B9E7-61590193C904}.Release|Any CPU.Build.0 = Release|Any CPU
		{AEA303EE-B0B9-4186-B55F-774501D8735D}.Debug|Any CPU.ActiveCfg = Debug|Any CPU
		{AEA303EE-B0B9-4186-B55F-774501D8735D}.Debug|Any CPU.Build.0 = Debug|Any CPU
		{AEA303EE-B0B9-4186-B55F-774501D8735D}.Release|Any CPU.ActiveCfg = Release|Any CPU
		{AEA303EE-B0B9-4186-B55F-774501D8735D}.Release|Any CPU.Build.0 = Release|Any CPU
		{5807C16D-09B5-4B3C-BF5D-E4AFB928E851}.Debug|Any CPU.ActiveCfg = Debug|Any CPU
		{5807C16D-09B5-4B3C-BF5D-E4AFB928E851}.Debug|Any CPU.Build.0 = Debug|Any CPU
		{5807C16D-09B5-4B3C-BF5D-E4AFB928E851}.Release|Any CPU.ActiveCfg = Release|Any CPU
		{5807C16D-09B5-4B3C-BF5D-E4AFB928E851}.Release|Any CPU.Build.0 = Release|Any CPU
		{791D1A3F-3CE2-4D12-8955-B88E1E7B6626}.Debug|Any CPU.ActiveCfg = Debug|Any CPU
		{791D1A3F-3CE2-4D12-8955-B88E1E7B6626}.Debug|Any CPU.Build.0 = Debug|Any CPU
		{791D1A3F-3CE2-4D12-8955-B88E1E7B6626}.Release|Any CPU.ActiveCfg = Release|Any CPU
		{791D1A3F-3CE2-4D12-8955-B88E1E7B6626}.Release|Any CPU.Build.0 = Release|Any CPU
		{38C8CB39-277A-4646-B5FF-2A8298624698}.Debug|Any CPU.ActiveCfg = Debug|Any CPU
		{38C8CB39-277A-4646-B5FF-2A8298624698}.Debug|Any CPU.Build.0 = Debug|Any CPU
		{38C8CB39-277A-4646-B5FF-2A8298624698}.Release|Any CPU.ActiveCfg = Release|Any CPU
		{38C8CB39-277A-4646-B5FF-2A8298624698}.Release|Any CPU.Build.0 = Release|Any CPU
		{DCD4CD8A-55A4-486A-A269-32F0C8C9E4F9}.Debug|Any CPU.ActiveCfg = Debug|Any CPU
		{DCD4CD8A-55A4-486A-A269-32F0C8C9E4F9}.Debug|Any CPU.Build.0 = Debug|Any CPU
		{DCD4CD8A-55A4-486A-A269-32F0C8C9E4F9}.Release|Any CPU.ActiveCfg = Release|Any CPU
		{DCD4CD8A-55A4-486A-A269-32F0C8C9E4F9}.Release|Any CPU.Build.0 = Release|Any CPU
		{3842FFBB-D259-4C75-9A01-5C71CA0F7DBF}.Debug|Any CPU.ActiveCfg = Debug|Any CPU
		{3842FFBB-D259-4C75-9A01-5C71CA0F7DBF}.Debug|Any CPU.Build.0 = Debug|Any CPU
		{3842FFBB-D259-4C75-9A01-5C71CA0F7DBF}.Release|Any CPU.ActiveCfg = Release|Any CPU
		{3842FFBB-D259-4C75-9A01-5C71CA0F7DBF}.Release|Any CPU.Build.0 = Release|Any CPU
		{0BADB4E1-5081-49B6-82A5-1EF34EF6C8ED}.Debug|Any CPU.ActiveCfg = Debug|Any CPU
		{0BADB4E1-5081-49B6-82A5-1EF34EF6C8ED}.Debug|Any CPU.Build.0 = Debug|Any CPU
		{0BADB4E1-5081-49B6-82A5-1EF34EF6C8ED}.Release|Any CPU.ActiveCfg = Release|Any CPU
		{0BADB4E1-5081-49B6-82A5-1EF34EF6C8ED}.Release|Any CPU.Build.0 = Release|Any CPU
		{F9A5B93B-3177-4FCC-8687-2D120231A99E}.Debug|Any CPU.ActiveCfg = Debug|Any CPU
		{F9A5B93B-3177-4FCC-8687-2D120231A99E}.Debug|Any CPU.Build.0 = Debug|Any CPU
		{F9A5B93B-3177-4FCC-8687-2D120231A99E}.Release|Any CPU.ActiveCfg = Release|Any CPU
		{F9A5B93B-3177-4FCC-8687-2D120231A99E}.Release|Any CPU.Build.0 = Release|Any CPU
		{630F6F43-2639-436E-8EDA-2AEA0C3D7039}.Debug|Any CPU.ActiveCfg = Debug|Any CPU
		{630F6F43-2639-436E-8EDA-2AEA0C3D7039}.Debug|Any CPU.Build.0 = Debug|Any CPU
		{630F6F43-2639-436E-8EDA-2AEA0C3D7039}.Release|Any CPU.ActiveCfg = Release|Any CPU
		{630F6F43-2639-436E-8EDA-2AEA0C3D7039}.Release|Any CPU.Build.0 = Release|Any CPU
		{11C26C87-7665-4E0C-82AB-CC88669142F0}.Debug|Any CPU.ActiveCfg = Debug|Any CPU
		{11C26C87-7665-4E0C-82AB-CC88669142F0}.Debug|Any CPU.Build.0 = Debug|Any CPU
		{11C26C87-7665-4E0C-82AB-CC88669142F0}.Release|Any CPU.ActiveCfg = Release|Any CPU
		{11C26C87-7665-4E0C-82AB-CC88669142F0}.Release|Any CPU.Build.0 = Release|Any CPU
		{DBF43F5E-49F9-4909-B8C0-8402C0D9F3B9}.Debug|Any CPU.ActiveCfg = Debug|Any CPU
		{DBF43F5E-49F9-4909-B8C0-8402C0D9F3B9}.Debug|Any CPU.Build.0 = Debug|Any CPU
		{DBF43F5E-49F9-4909-B8C0-8402C0D9F3B9}.Release|Any CPU.ActiveCfg = Release|Any CPU
		{DBF43F5E-49F9-4909-B8C0-8402C0D9F3B9}.Release|Any CPU.Build.0 = Release|Any CPU
		{2780ADF9-1650-4E7A-9187-2062F4FF129D}.Debug|Any CPU.ActiveCfg = Debug|Any CPU
		{2780ADF9-1650-4E7A-9187-2062F4FF129D}.Debug|Any CPU.Build.0 = Debug|Any CPU
		{2780ADF9-1650-4E7A-9187-2062F4FF129D}.Release|Any CPU.ActiveCfg = Release|Any CPU
		{2780ADF9-1650-4E7A-9187-2062F4FF129D}.Release|Any CPU.Build.0 = Release|Any CPU
		{0596CA72-C739-4F06-98E0-C0DBFDF87F97}.Debug|Any CPU.ActiveCfg = Debug|Any CPU
		{0596CA72-C739-4F06-98E0-C0DBFDF87F97}.Debug|Any CPU.Build.0 = Debug|Any CPU
		{0596CA72-C739-4F06-98E0-C0DBFDF87F97}.Release|Any CPU.ActiveCfg = Release|Any CPU
		{0596CA72-C739-4F06-98E0-C0DBFDF87F97}.Release|Any CPU.Build.0 = Release|Any CPU
		{1EB30CA2-12CD-499E-8825-0D6DC0F607BB}.Debug|Any CPU.ActiveCfg = Debug|Any CPU
		{1EB30CA2-12CD-499E-8825-0D6DC0F607BB}.Debug|Any CPU.Build.0 = Debug|Any CPU
		{1EB30CA2-12CD-499E-8825-0D6DC0F607BB}.Release|Any CPU.ActiveCfg = Release|Any CPU
		{1EB30CA2-12CD-499E-8825-0D6DC0F607BB}.Release|Any CPU.Build.0 = Release|Any CPU
		{96841A15-92D8-421D-A896-FF5A081C5B95}.Debug|Any CPU.ActiveCfg = Debug|Any CPU
		{96841A15-92D8-421D-A896-FF5A081C5B95}.Debug|Any CPU.Build.0 = Debug|Any CPU
		{96841A15-92D8-421D-A896-FF5A081C5B95}.Release|Any CPU.ActiveCfg = Release|Any CPU
		{96841A15-92D8-421D-A896-FF5A081C5B95}.Release|Any CPU.Build.0 = Release|Any CPU
		{BF183103-0FF9-4B6B-AD6A-BA8177602D88}.Debug|Any CPU.ActiveCfg = Debug|Any CPU
		{BF183103-0FF9-4B6B-AD6A-BA8177602D88}.Debug|Any CPU.Build.0 = Debug|Any CPU
		{BF183103-0FF9-4B6B-AD6A-BA8177602D88}.Release|Any CPU.ActiveCfg = Release|Any CPU
		{BF183103-0FF9-4B6B-AD6A-BA8177602D88}.Release|Any CPU.Build.0 = Release|Any CPU
		{4EF5D3E8-897D-419D-8426-391F08978C63}.Debug|Any CPU.ActiveCfg = Debug|Any CPU
		{4EF5D3E8-897D-419D-8426-391F08978C63}.Debug|Any CPU.Build.0 = Debug|Any CPU
		{4EF5D3E8-897D-419D-8426-391F08978C63}.Release|Any CPU.ActiveCfg = Release|Any CPU
		{4EF5D3E8-897D-419D-8426-391F08978C63}.Release|Any CPU.Build.0 = Release|Any CPU
		{95C60EFE-B1CC-44BA-B541-1A454D6203FA}.Debug|Any CPU.ActiveCfg = Debug|Any CPU
		{95C60EFE-B1CC-44BA-B541-1A454D6203FA}.Debug|Any CPU.Build.0 = Debug|Any CPU
		{95C60EFE-B1CC-44BA-B541-1A454D6203FA}.Release|Any CPU.ActiveCfg = Release|Any CPU
		{95C60EFE-B1CC-44BA-B541-1A454D6203FA}.Release|Any CPU.Build.0 = Release|Any CPU
		{0CA7B402-A3BC-4603-B5F5-D2F700D239B5}.Debug|Any CPU.ActiveCfg = Debug|Any CPU
		{0CA7B402-A3BC-4603-B5F5-D2F700D239B5}.Debug|Any CPU.Build.0 = Debug|Any CPU
		{0CA7B402-A3BC-4603-B5F5-D2F700D239B5}.Release|Any CPU.ActiveCfg = Release|Any CPU
		{0CA7B402-A3BC-4603-B5F5-D2F700D239B5}.Release|Any CPU.Build.0 = Release|Any CPU
		{9FA9EE27-66BC-4B3B-B0E1-90DF6348803F}.Debug|Any CPU.ActiveCfg = Debug|Any CPU
		{9FA9EE27-66BC-4B3B-B0E1-90DF6348803F}.Debug|Any CPU.Build.0 = Debug|Any CPU
		{9FA9EE27-66BC-4B3B-B0E1-90DF6348803F}.Release|Any CPU.ActiveCfg = Release|Any CPU
		{9FA9EE27-66BC-4B3B-B0E1-90DF6348803F}.Release|Any CPU.Build.0 = Release|Any CPU
		{1F0C35EB-850D-4DA2-B853-05FE1549D77E}.Debug|Any CPU.ActiveCfg = Debug|Any CPU
		{1F0C35EB-850D-4DA2-B853-05FE1549D77E}.Debug|Any CPU.Build.0 = Debug|Any CPU
		{1F0C35EB-850D-4DA2-B853-05FE1549D77E}.Release|Any CPU.ActiveCfg = Release|Any CPU
		{1F0C35EB-850D-4DA2-B853-05FE1549D77E}.Release|Any CPU.Build.0 = Release|Any CPU
		{436E963D-12CB-4100-8AFD-F9C344827AD1}.Debug|Any CPU.ActiveCfg = Debug|Any CPU
		{436E963D-12CB-4100-8AFD-F9C344827AD1}.Debug|Any CPU.Build.0 = Debug|Any CPU
		{436E963D-12CB-4100-8AFD-F9C344827AD1}.Release|Any CPU.ActiveCfg = Release|Any CPU
		{436E963D-12CB-4100-8AFD-F9C344827AD1}.Release|Any CPU.Build.0 = Release|Any CPU
		{B78DB726-73D0-42BF-822D-67087F3CEB6B}.Debug|Any CPU.ActiveCfg = Debug|Any CPU
		{B78DB726-73D0-42BF-822D-67087F3CEB6B}.Debug|Any CPU.Build.0 = Debug|Any CPU
		{B78DB726-73D0-42BF-822D-67087F3CEB6B}.Release|Any CPU.ActiveCfg = Release|Any CPU
		{B78DB726-73D0-42BF-822D-67087F3CEB6B}.Release|Any CPU.Build.0 = Release|Any CPU
		{BF8B13B0-F777-42EA-A1D5-2ED7E3B0FCDB}.Debug|Any CPU.ActiveCfg = Debug|Any CPU
		{BF8B13B0-F777-42EA-A1D5-2ED7E3B0FCDB}.Debug|Any CPU.Build.0 = Debug|Any CPU
		{BF8B13B0-F777-42EA-A1D5-2ED7E3B0FCDB}.Release|Any CPU.ActiveCfg = Release|Any CPU
		{BF8B13B0-F777-42EA-A1D5-2ED7E3B0FCDB}.Release|Any CPU.Build.0 = Release|Any CPU
		{21328B85-83D7-4EAA-A7EC-CACC4AEEECEC}.Debug|Any CPU.ActiveCfg = Debug|Any CPU
		{21328B85-83D7-4EAA-A7EC-CACC4AEEECEC}.Debug|Any CPU.Build.0 = Debug|Any CPU
		{21328B85-83D7-4EAA-A7EC-CACC4AEEECEC}.Release|Any CPU.ActiveCfg = Release|Any CPU
		{21328B85-83D7-4EAA-A7EC-CACC4AEEECEC}.Release|Any CPU.Build.0 = Release|Any CPU
		{8A40934E-198A-467F-B06F-6A84A1A4F57C}.Debug|Any CPU.ActiveCfg = Debug|Any CPU
		{8A40934E-198A-467F-B06F-6A84A1A4F57C}.Debug|Any CPU.Build.0 = Debug|Any CPU
		{8A40934E-198A-467F-B06F-6A84A1A4F57C}.Release|Any CPU.ActiveCfg = Release|Any CPU
		{8A40934E-198A-467F-B06F-6A84A1A4F57C}.Release|Any CPU.Build.0 = Release|Any CPU
	EndGlobalSection
EndGlobal
